github.com/zoha/go-log v0.0.0-20210706120440-6412f9994e01 h1:Ozy+jTtVRFSJ8mxDlG3sZW+cN6EaPuSHmLFS1ez0NEg=
github.com/zoha/go-log v0.0.0-20210706120440-6412f9994e01/go.mod h1:qVYqOE3UdPRWYbD5crwLuuDctZxMk6wt6bmj9OqhWio=
github.com/zoha/go-log v0.0.0-20210706121057-7d2617c03bf3 h1:ep0f8DyHGhWHJeG1Q3IqRrmY4u3yAb5fywyx9mLIom8=
github.com/zoha/go-log v0.0.0-20210706121057-7d2617c03bf3/go.mod h1:qVYqOE3UdPRWYbD5crwLuuDctZxMk6wt6bmj9OqhWio=
